// !$*UTF8*$!
{
	archiveVersion = 1;
	classes = {
	};
	objectVersion = 46;
	objects = {

/* Begin PBXBuildFile section */
		6C4F30941B2E844100D4403E /* AppDelegate.swift in Sources */ = {isa = PBXBuildFile; fileRef = 6C4F30931B2E844100D4403E /* AppDelegate.swift */; };
		6C4F30961B2E844100D4403E /* ViewController.swift in Sources */ = {isa = PBXBuildFile; fileRef = 6C4F30951B2E844100D4403E /* ViewController.swift */; };
		6C4F30991B2E844100D4403E /* Main.storyboard in Resources */ = {isa = PBXBuildFile; fileRef = 6C4F30971B2E844100D4403E /* Main.storyboard */; };
		6C4F309B1B2E844100D4403E /* Images.xcassets in Resources */ = {isa = PBXBuildFile; fileRef = 6C4F309A1B2E844100D4403E /* Images.xcassets */; };
		6C4F309E1B2E844100D4403E /* LaunchScreen.xib in Resources */ = {isa = PBXBuildFile; fileRef = 6C4F309C1B2E844100D4403E /* LaunchScreen.xib */; };
		6C4F30AA1B2E844100D4403E /* HipsterTests.swift in Sources */ = {isa = PBXBuildFile; fileRef = 6C4F30A91B2E844100D4403E /* HipsterTests.swift */; };
		6C4F30B41B2E851200D4403E /* CurrentWeather.swift in Sources */ = {isa = PBXBuildFile; fileRef = 6C4F30B31B2E851200D4403E /* CurrentWeather.swift */; };
		6C4F30B61B2E855100D4403E /* NetworkOperation.swift in Sources */ = {isa = PBXBuildFile; fileRef = 6C4F30B51B2E855100D4403E /* NetworkOperation.swift */; };
/* End PBXBuildFile section */

/* Begin PBXContainerItemProxy section */
		6C4F30A41B2E844100D4403E /* PBXContainerItemProxy */ = {
			isa = PBXContainerItemProxy;
			containerPortal = 6C4F30861B2E844100D4403E /* Project object */;
			proxyType = 1;
			remoteGlobalIDString = 6C4F308D1B2E844100D4403E;
			remoteInfo = Hipster;
		};
/* End PBXContainerItemProxy section */

/* Begin PBXFileReference section */
		6C4F308E1B2E844100D4403E /* Hipster.app */ = {isa = PBXFileReference; explicitFileType = wrapper.application; includeInIndex = 0; path = Hipster.app; sourceTree = BUILT_PRODUCTS_DIR; };
		6C4F30921B2E844100D4403E /* Info.plist */ = {isa = PBXFileReference; lastKnownFileType = text.plist.xml; path = Info.plist; sourceTree = "<group>"; };
		6C4F30931B2E844100D4403E /* AppDelegate.swift */ = {isa = PBXFileReference; lastKnownFileType = sourcecode.swift; path = AppDelegate.swift; sourceTree = "<group>"; };
		6C4F30951B2E844100D4403E /* ViewController.swift */ = {isa = PBXFileReference; lastKnownFileType = sourcecode.swift; path = ViewController.swift; sourceTree = "<group>"; };
		6C4F30981B2E844100D4403E /* Base */ = {isa = PBXFileReference; lastKnownFileType = file.storyboard; name = Base; path = Base.lproj/Main.storyboard; sourceTree = "<group>"; };
		6C4F309A1B2E844100D4403E /* Images.xcassets */ = {isa = PBXFileReference; lastKnownFileType = folder.assetcatalog; path = Images.xcassets; sourceTree = "<group>"; };
		6C4F309D1B2E844100D4403E /* Base */ = {isa = PBXFileReference; lastKnownFileType = file.xib; name = Base; path = Base.lproj/LaunchScreen.xib; sourceTree = "<group>"; };
		6C4F30A31B2E844100D4403E /* HipsterTests.xctest */ = {isa = PBXFileReference; explicitFileType = wrapper.cfbundle; includeInIndex = 0; path = HipsterTests.xctest; sourceTree = BUILT_PRODUCTS_DIR; };
		6C4F30A81B2E844100D4403E /* Info.plist */ = {isa = PBXFileReference; lastKnownFileType = text.plist.xml; path = Info.plist; sourceTree = "<group>"; };
		6C4F30A91B2E844100D4403E /* HipsterTests.swift */ = {isa = PBXFileReference; lastKnownFileType = sourcecode.swift; path = HipsterTests.swift; sourceTree = "<group>"; };
		6C4F30B31B2E851200D4403E /* CurrentWeather.swift */ = {isa = PBXFileReference; fileEncoding = 4; lastKnownFileType = sourcecode.swift; path = CurrentWeather.swift; sourceTree = "<group>"; };
		6C4F30B51B2E855100D4403E /* NetworkOperation.swift */ = {isa = PBXFileReference; fileEncoding = 4; lastKnownFileType = sourcecode.swift; path = NetworkOperation.swift; sourceTree = "<group>"; };
/* End PBXFileReference section */

/* Begin PBXFrameworksBuildPhase section */
		6C4F308B1B2E844100D4403E /* Frameworks */ = {
			isa = PBXFrameworksBuildPhase;
			buildActionMask = 2147483647;
			files = (
			);
			runOnlyForDeploymentPostprocessing = 0;
		};
		6C4F30A01B2E844100D4403E /* Frameworks */ = {
			isa = PBXFrameworksBuildPhase;
			buildActionMask = 2147483647;
			files = (
			);
			runOnlyForDeploymentPostprocessing = 0;
		};
/* End PBXFrameworksBuildPhase section */

/* Begin PBXGroup section */
		6C4F30851B2E844100D4403E = {
			isa = PBXGroup;
			children = (
				6C4F30901B2E844100D4403E /* Hipster */,
				6C4F30A61B2E844100D4403E /* HipsterTests */,
				6C4F308F1B2E844100D4403E /* Products */,
			);
			sourceTree = "<group>";
		};
		6C4F308F1B2E844100D4403E /* Products */ = {
			isa = PBXGroup;
			children = (
				6C4F308E1B2E844100D4403E /* Hipster.app */,
				6C4F30A31B2E844100D4403E /* HipsterTests.xctest */,
			);
			name = Products;
			sourceTree = "<group>";
		};
		6C4F30901B2E844100D4403E /* Hipster */ = {
			isa = PBXGroup;
			children = (
				6C4F30931B2E844100D4403E /* AppDelegate.swift */,
				6C4F30951B2E844100D4403E /* ViewController.swift */,
				6C4F30B31B2E851200D4403E /* CurrentWeather.swift */,
				6C4F30B51B2E855100D4403E /* NetworkOperation.swift */,
				6C4F30971B2E844100D4403E /* Main.storyboard */,
				6C4F309A1B2E844100D4403E /* Images.xcassets */,
				6C4F309C1B2E844100D4403E /* LaunchScreen.xib */,
				6C4F30911B2E844100D4403E /* Supporting Files */,
			);
			path = Hipster;
			sourceTree = "<group>";
		};
		6C4F30911B2E844100D4403E /* Supporting Files */ = {
			isa = PBXGroup;
			children = (
				6C4F30921B2E844100D4403E /* Info.plist */,
			);
			name = "Supporting Files";
			sourceTree = "<group>";
		};
		6C4F30A61B2E844100D4403E /* HipsterTests */ = {
			isa = PBXGroup;
			children = (
				6C4F30A91B2E844100D4403E /* HipsterTests.swift */,
				6C4F30A71B2E844100D4403E /* Supporting Files */,
			);
			path = HipsterTests;
			sourceTree = "<group>";
		};
		6C4F30A71B2E844100D4403E /* Supporting Files */ = {
			isa = PBXGroup;
			children = (
				6C4F30A81B2E844100D4403E /* Info.plist */,
			);
			name = "Supporting Files";
			sourceTree = "<group>";
		};
/* End PBXGroup section */

/* Begin PBXNativeTarget section */
		6C4F308D1B2E844100D4403E /* Hipster */ = {
			isa = PBXNativeTarget;
			buildConfigurationList = 6C4F30AD1B2E844100D4403E /* Build configuration list for PBXNativeTarget "Hipster" */;
			buildPhases = (
				6C4F308A1B2E844100D4403E /* Sources */,
				6C4F308B1B2E844100D4403E /* Frameworks */,
				6C4F308C1B2E844100D4403E /* Resources */,
			);
			buildRules = (
			);
			dependencies = (
			);
			name = Hipster;
			productName = Hipster;
			productReference = 6C4F308E1B2E844100D4403E /* Hipster.app */;
			productType = "com.apple.product-type.application";
		};
		6C4F30A21B2E844100D4403E /* HipsterTests */ = {
			isa = PBXNativeTarget;
			buildConfigurationList = 6C4F30B01B2E844100D4403E /* Build configuration list for PBXNativeTarget "HipsterTests" */;
			buildPhases = (
				6C4F309F1B2E844100D4403E /* Sources */,
				6C4F30A01B2E844100D4403E /* Frameworks */,
				6C4F30A11B2E844100D4403E /* Resources */,
			);
			buildRules = (
			);
			dependencies = (
				6C4F30A51B2E844100D4403E /* PBXTargetDependency */,
			);
			name = HipsterTests;
			productName = HipsterTests;
			productReference = 6C4F30A31B2E844100D4403E /* HipsterTests.xctest */;
			productType = "com.apple.product-type.bundle.unit-test";
		};
/* End PBXNativeTarget section */

/* Begin PBXProject section */
		6C4F30861B2E844100D4403E /* Project object */ = {
			isa = PBXProject;
			attributes = {
				LastUpgradeCheck = 0630;
				ORGANIZATIONNAME = "Dulio Denis";
				TargetAttributes = {
					6C4F308D1B2E844100D4403E = {
						CreatedOnToolsVersion = 6.3.1;
					};
					6C4F30A21B2E844100D4403E = {
						CreatedOnToolsVersion = 6.3.1;
						TestTargetID = 6C4F308D1B2E844100D4403E;
					};
				};
			};
			buildConfigurationList = 6C4F30891B2E844100D4403E /* Build configuration list for PBXProject "Hipster" */;
			compatibilityVersion = "Xcode 3.2";
			developmentRegion = English;
			hasScannedForEncodings = 0;
			knownRegions = (
				en,
				Base,
			);
			mainGroup = 6C4F30851B2E844100D4403E;
			productRefGroup = 6C4F308F1B2E844100D4403E /* Products */;
			projectDirPath = "";
			projectRoot = "";
			targets = (
				6C4F308D1B2E844100D4403E /* Hipster */,
				6C4F30A21B2E844100D4403E /* HipsterTests */,
			);
		};
/* End PBXProject section */

/* Begin PBXResourcesBuildPhase section */
		6C4F308C1B2E844100D4403E /* Resources */ = {
			isa = PBXResourcesBuildPhase;
			buildActionMask = 2147483647;
			files = (
				6C4F30991B2E844100D4403E /* Main.storyboard in Resources */,
				6C4F309E1B2E844100D4403E /* LaunchScreen.xib in Resources */,
				6C4F309B1B2E844100D4403E /* Images.xcassets in Resources */,
			);
			runOnlyForDeploymentPostprocessing = 0;
		};
		6C4F30A11B2E844100D4403E /* Resources */ = {
			isa = PBXResourcesBuildPhase;
			buildActionMask = 2147483647;
			files = (
			);
			runOnlyForDeploymentPostprocessing = 0;
		};
/* End PBXResourcesBuildPhase section */

/* Begin PBXSourcesBuildPhase section */
		6C4F308A1B2E844100D4403E /* Sources */ = {
			isa = PBXSourcesBuildPhase;
			buildActionMask = 2147483647;
			files = (
				6C4F30B61B2E855100D4403E /* NetworkOperation.swift in Sources */,
				6C4F30961B2E844100D4403E /* ViewController.swift in Sources */,
				6C4F30B41B2E851200D4403E /* CurrentWeather.swift in Sources */,
				6C4F30941B2E844100D4403E /* AppDelegate.swift in Sources */,
			);
			runOnlyForDeploymentPostprocessing = 0;
		};
		6C4F309F1B2E844100D4403E /* Sources */ = {
			isa = PBXSourcesBuildPhase;
			buildActionMask = 2147483647;
			files = (
				6C4F30AA1B2E844100D4403E /* HipsterTests.swift in Sources */,
			);
			runOnlyForDeploymentPostprocessing = 0;
		};
/* End PBXSourcesBuildPhase section */

/* Begin PBXTargetDependency section */
		6C4F30A51B2E844100D4403E /* PBXTargetDependency */ = {
			isa = PBXTargetDependency;
			target = 6C4F308D1B2E844100D4403E /* Hipster */;
			targetProxy = 6C4F30A41B2E844100D4403E /* PBXContainerItemProxy */;
		};
/* End PBXTargetDependency section */

/* Begin PBXVariantGroup section */
		6C4F30971B2E844100D4403E /* Main.storyboard */ = {
			isa = PBXVariantGroup;
			children = (
				6C4F30981B2E844100D4403E /* Base */,
			);
			name = Main.storyboard;
			sourceTree = "<group>";
		};
		6C4F309C1B2E844100D4403E /* LaunchScreen.xib */ = {
			isa = PBXVariantGroup;
			children = (
				6C4F309D1B2E844100D4403E /* Base */,
			);
			name = LaunchScreen.xib;
			sourceTree = "<group>";
		};
/* End PBXVariantGroup section */

/* Begin XCBuildConfiguration section */
		6C4F30AB1B2E844100D4403E /* Debug */ = {
			isa = XCBuildConfiguration;
			buildSettings = {
				ALWAYS_SEARCH_USER_PATHS = NO;
				CLANG_CXX_LANGUAGE_STANDARD = "gnu++0x";
				CLANG_CXX_LIBRARY = "libc++";
				CLANG_ENABLE_MODULES = YES;
				CLANG_ENABLE_OBJC_ARC = YES;
				CLANG_WARN_BOOL_CONVERSION = YES;
				CLANG_WARN_CONSTANT_CONVERSION = YES;
				CLANG_WARN_DIRECT_OBJC_ISA_USAGE = YES_ERROR;
				CLANG_WARN_EMPTY_BODY = YES;
				CLANG_WARN_ENUM_CONVERSION = YES;
				CLANG_WARN_INT_CONVERSION = YES;
				CLANG_WARN_OBJC_ROOT_CLASS = YES_ERROR;
				CLANG_WARN_UNREACHABLE_CODE = YES;
				CLANG_WARN__DUPLICATE_METHOD_MATCH = YES;
				"CODE_SIGN_IDENTITY[sdk=iphoneos*]" = "iPhone Developer";
				COPY_PHASE_STRIP = NO;
				DEBUG_INFORMATION_FORMAT = "dwarf-with-dsym";
				ENABLE_STRICT_OBJC_MSGSEND = YES;
				GCC_C_LANGUAGE_STANDARD = gnu99;
				GCC_DYNAMIC_NO_PIC = NO;
				GCC_NO_COMMON_BLOCKS = YES;
				GCC_OPTIMIZATION_LEVEL = 0;
				GCC_PREPROCESSOR_DEFINITIONS = (
					"DEBUG=1",
					"$(inherited)",
				);
				GCC_SYMBOLS_PRIVATE_EXTERN = NO;
				GCC_WARN_64_TO_32_BIT_CONVERSION = YES;
				GCC_WARN_ABOUT_RETURN_TYPE = YES_ERROR;
				GCC_WARN_UNDECLARED_SELECTOR = YES;
				GCC_WARN_UNINITIALIZED_AUTOS = YES_AGGRESSIVE;
				GCC_WARN_UNUSED_FUNCTION = YES;
				GCC_WARN_UNUSED_VARIABLE = YES;
				IPHONEOS_DEPLOYMENT_TARGET = 8.3;
				MTL_ENABLE_DEBUG_INFO = YES;
				ONLY_ACTIVE_ARCH = YES;
				SDKROOT = iphoneos;
				SWIFT_OPTIMIZATION_LEVEL = "-Onone";
			};
			name = Debug;
		};
		6C4F30AC1B2E844100D4403E /* Release */ = {
			isa = XCBuildConfiguration;
			buildSettings = {
				ALWAYS_SEARCH_USER_PATHS = NO;
				CLANG_CXX_LANGUAGE_STANDARD = "gnu++0x";
				CLANG_CXX_LIBRARY = "libc++";
				CLANG_ENABLE_MODULES = YES;
				CLANG_ENABLE_OBJC_ARC = YES;
				CLANG_WARN_BOOL_CONVERSION = YES;
				CLANG_WARN_CONSTANT_CONVERSION = YES;
				CLANG_WARN_DIRECT_OBJC_ISA_USAGE = YES_ERROR;
				CLANG_WARN_EMPTY_BODY = YES;
				CLANG_WARN_ENUM_CONVERSION = YES;
				CLANG_WARN_INT_CONVERSION = YES;
				CLANG_WARN_OBJC_ROOT_CLASS = YES_ERROR;
				CLANG_WARN_UNREACHABLE_CODE = YES;
				CLANG_WARN__DUPLICATE_METHOD_MATCH = YES;
				"CODE_SIGN_IDENTITY[sdk=iphoneos*]" = "iPhone Developer";
				COPY_PHASE_STRIP = NO;
				DEBUG_INFORMATION_FORMAT = "dwarf-with-dsym";
				ENABLE_NS_ASSERTIONS = NO;
				ENABLE_STRICT_OBJC_MSGSEND = YES;
				GCC_C_LANGUAGE_STANDARD = gnu99;
				GCC_NO_COMMON_BLOCKS = YES;
				GCC_WARN_64_TO_32_BIT_CONVERSION = YES;
				GCC_WARN_ABOUT_RETURN_TYPE = YES_ERROR;
				GCC_WARN_UNDECLARED_SELECTOR = YES;
				GCC_WARN_UNINITIALIZED_AUTOS = YES_AGGRESSIVE;
				GCC_WARN_UNUSED_FUNCTION = YES;
				GCC_WARN_UNUSED_VARIABLE = YES;
				IPHONEOS_DEPLOYMENT_TARGET = 8.3;
				MTL_ENABLE_DEBUG_INFO = NO;
				SDKROOT = iphoneos;
				VALIDATE_PRODUCT = YES;
			};
			name = Release;
		};
		6C4F30AE1B2E844100D4403E /* Debug */ = {
			isa = XCBuildConfiguration;
			buildSettings = {
				ASSETCATALOG_COMPILER_APPICON_NAME = AppIcon;
				INFOPLIST_FILE = Hipster/Info.plist;
				LD_RUNPATH_SEARCH_PATHS = "$(inherited) @executable_path/Frameworks";
				PRODUCT_NAME = "$(TARGET_NAME)";
			};
			name = Debug;
		};
		6C4F30AF1B2E844100D4403E /* Release */ = {
			isa = XCBuildConfiguration;
			buildSettings = {
				ASSETCATALOG_COMPILER_APPICON_NAME = AppIcon;
				INFOPLIST_FILE = Hipster/Info.plist;
				LD_RUNPATH_SEARCH_PATHS = "$(inherited) @executable_path/Frameworks";
				PRODUCT_NAME = "$(TARGET_NAME)";
			};
			name = Release;
		};
		6C4F30B11B2E844100D4403E /* Debug */ = {
			isa = XCBuildConfiguration;
			buildSettings = {
				BUNDLE_LOADER = "$(TEST_HOST)";
				FRAMEWORK_SEARCH_PATHS = (
					"$(SDKROOT)/Developer/Library/Frameworks",
					"$(inherited)",
				);
				GCC_PREPROCESSOR_DEFINITIONS = (
					"DEBUG=1",
					"$(inherited)",
				);
				INFOPLIST_FILE = HipsterTests/Info.plist;
				LD_RUNPATH_SEARCH_PATHS = "$(inherited) @executable_path/Frameworks @loader_path/Frameworks";
				PRODUCT_NAME = "$(TARGET_NAME)";
				TEST_HOST = "$(BUILT_PRODUCTS_DIR)/Hipster.app/Hipster";
			};
			name = Debug;
		};
		6C4F30B21B2E844100D4403E /* Release */ = {
			isa = XCBuildConfiguration;
			buildSettings = {
				BUNDLE_LOADER = "$(TEST_HOST)";
				FRAMEWORK_SEARCH_PATHS = (
					"$(SDKROOT)/Developer/Library/Frameworks",
					"$(inherited)",
				);
				INFOPLIST_FILE = HipsterTests/Info.plist;
				LD_RUNPATH_SEARCH_PATHS = "$(inherited) @executable_path/Frameworks @loader_path/Frameworks";
				PRODUCT_NAME = "$(TARGET_NAME)";
				TEST_HOST = "$(BUILT_PRODUCTS_DIR)/Hipster.app/Hipster";
			};
			name = Release;
		};
/* End XCBuildConfiguration section */

/* Begin XCConfigurationList section */
		6C4F30891B2E844100D4403E /* Build configuration list for PBXProject "Hipster" */ = {
			isa = XCConfigurationList;
			buildConfigurations = (
				6C4F30AB1B2E844100D4403E /* Debug */,
				6C4F30AC1B2E844100D4403E /* Release */,
			);
			defaultConfigurationIsVisible = 0;
			defaultConfigurationName = Release;
		};
		6C4F30AD1B2E844100D4403E /* Build configuration list for PBXNativeTarget "Hipster" */ = {
			isa = XCConfigurationList;
			buildConfigurations = (
				6C4F30AE1B2E844100D4403E /* Debug */,
				6C4F30AF1B2E844100D4403E /* Release */,
			);
			defaultConfigurationIsVisible = 0;
		};
		6C4F30B01B2E844100D4403E /* Build configuration list for PBXNativeTarget "HipsterTests" */ = {
			isa = XCConfigurationList;
			buildConfigurations = (
				6C4F30B11B2E844100D4403E /* Debug */,
				6C4F30B21B2E844100D4403E /* Release */,
			);
			defaultConfigurationIsVisible = 0;
		};
/* End XCConfigurationList section */
	};
	rootObject = 6C4F30861B2E844100D4403E /* Project object */;
}
